// !$*UTF8*$!
{
	archiveVersion = 1;
	classes = {
	};
	objectVersion = 50;
	objects = {

/* Begin PBXBuildFile section */
		BE1E6936230C69C10044C3C3 /* ExpressionToken.swift in Sources */ = {isa = PBXBuildFile; fileRef = BE1E6935230C69C10044C3C3 /* ExpressionToken.swift */; };
		BE1E6938230C801A0044C3C3 /* EvaluatePostfixExpression.swift in Sources */ = {isa = PBXBuildFile; fileRef = BE1E6937230C801A0044C3C3 /* EvaluatePostfixExpression.swift */; };
		BE1E693A230C80270044C3C3 /* EvaluatePostfixExpressionImpl.swift in Sources */ = {isa = PBXBuildFile; fileRef = BE1E6939230C80270044C3C3 /* EvaluatePostfixExpressionImpl.swift */; };
		BE1E693C230C80A20044C3C3 /* PostfixExpressionEvaluator.swift in Sources */ = {isa = PBXBuildFile; fileRef = BE1E693B230C80A20044C3C3 /* PostfixExpressionEvaluator.swift */; };
		BE1E693E230C80E90044C3C3 /* PostfixExpressionEvaluatorImpl.swift in Sources */ = {isa = PBXBuildFile; fileRef = BE1E693D230C80E90044C3C3 /* PostfixExpressionEvaluatorImpl.swift */; };
		BE3CC06222FA646F005EC271 /* AppDelegate.swift in Sources */ = {isa = PBXBuildFile; fileRef = BE3CC06122FA646F005EC271 /* AppDelegate.swift */; };
		BE3CC06922FA6473005EC271 /* Assets.xcassets in Resources */ = {isa = PBXBuildFile; fileRef = BE3CC06822FA6473005EC271 /* Assets.xcassets */; };
		BE3CC06C22FA6473005EC271 /* LaunchScreen.storyboard in Resources */ = {isa = PBXBuildFile; fileRef = BE3CC06A22FA6473005EC271 /* LaunchScreen.storyboard */; };
		BE3CC07722FA6473005EC271 /* CalculatorUITests.swift in Sources */ = {isa = PBXBuildFile; fileRef = BE3CC07622FA6473005EC271 /* CalculatorUITests.swift */; };
		BE3CC09022FA66D3005EC271 /* Router.swift in Sources */ = {isa = PBXBuildFile; fileRef = BE3CC08F22FA66D3005EC271 /* Router.swift */; };
		BE3CC14222FA94CD005EC271 /* CalculatorPresenter.swift in Sources */ = {isa = PBXBuildFile; fileRef = BE3CC13C22FA94CD005EC271 /* CalculatorPresenter.swift */; };
		BE3CC14322FA94CD005EC271 /* CalculatorRouter.swift in Sources */ = {isa = PBXBuildFile; fileRef = BE3CC13D22FA94CD005EC271 /* CalculatorRouter.swift */; };
		BE3CC14422FA94CD005EC271 /* CalculatorContracts.swift in Sources */ = {isa = PBXBuildFile; fileRef = BE3CC13E22FA94CD005EC271 /* CalculatorContracts.swift */; };
		BE3CC14522FA94CD005EC271 /* CalculatorViewController.swift in Sources */ = {isa = PBXBuildFile; fileRef = BE3CC13F22FA94CD005EC271 /* CalculatorViewController.swift */; };
		BE3CC14622FA94CD005EC271 /* CalculatorInteractor.swift in Sources */ = {isa = PBXBuildFile; fileRef = BE3CC14022FA94CD005EC271 /* CalculatorInteractor.swift */; };
		BE3CC14722FA94CD005EC271 /* CalculatorViewController.xib in Resources */ = {isa = PBXBuildFile; fileRef = BE3CC14122FA94CD005EC271 /* CalculatorViewController.xib */; };
		BE3F3F4222FA960400C3CA9D /* CalculatorButtonFactory.swift in Sources */ = {isa = PBXBuildFile; fileRef = BE3F3F4122FA960400C3CA9D /* CalculatorButtonFactory.swift */; };
		BE3F3F4522FA961600C3CA9D /* ButtonViewModel.swift in Sources */ = {isa = PBXBuildFile; fileRef = BE3F3F4422FA961600C3CA9D /* ButtonViewModel.swift */; };
		BE3F3F4A22FA98AF00C3CA9D /* GetButtons.swift in Sources */ = {isa = PBXBuildFile; fileRef = BE3F3F4922FA98AF00C3CA9D /* GetButtons.swift */; };
		BE3F3F4C22FA98E200C3CA9D /* GetButtonsImpl.swift in Sources */ = {isa = PBXBuildFile; fileRef = BE3F3F4B22FA98E200C3CA9D /* GetButtonsImpl.swift */; };
		BEB64A1F22FAA30F00CB841F /* UICollectionView.swift in Sources */ = {isa = PBXBuildFile; fileRef = BEB64A1E22FAA30F00CB841F /* UICollectionView.swift */; };
		BEB64A2122FAA34C00CB841F /* UICollectionViewCell.swift in Sources */ = {isa = PBXBuildFile; fileRef = BEB64A2022FAA34C00CB841F /* UICollectionViewCell.swift */; };
		BEB64A2522FAA38F00CB841F /* CalculatorButtonCollectionViewCell.swift in Sources */ = {isa = PBXBuildFile; fileRef = BEB64A2322FAA38F00CB841F /* CalculatorButtonCollectionViewCell.swift */; };
		BEB64A2622FAA38F00CB841F /* CalculatorButtonCollectionViewCell.xib in Resources */ = {isa = PBXBuildFile; fileRef = BEB64A2422FAA38F00CB841F /* CalculatorButtonCollectionViewCell.xib */; };
		BEB64A2822FAAA7700CB841F /* UIColor.swift in Sources */ = {isa = PBXBuildFile; fileRef = BEB64A2722FAAA7700CB841F /* UIColor.swift */; };
		BEB64A2B22FAAA9B00CB841F /* Colors.swift in Sources */ = {isa = PBXBuildFile; fileRef = BEB64A2A22FAAA9B00CB841F /* Colors.swift */; };
		BEB64A2D22FAB00100CB841F /* GetReversePolishNotation.swift in Sources */ = {isa = PBXBuildFile; fileRef = BEB64A2C22FAB00100CB841F /* GetReversePolishNotation.swift */; };
		BEB64A2F22FAB02500CB841F /* GetReversePolishNotationImpl.swift in Sources */ = {isa = PBXBuildFile; fileRef = BEB64A2E22FAB02500CB841F /* GetReversePolishNotationImpl.swift */; };
		BEB64A3222FAB05600CB841F /* ShuntingYardAlgorithm.swift in Sources */ = {isa = PBXBuildFile; fileRef = BEB64A3122FAB05600CB841F /* ShuntingYardAlgorithm.swift */; };
		BEB64A3522FAB2C900CB841F /* Stack.swift in Sources */ = {isa = PBXBuildFile; fileRef = BEB64A3422FAB2C900CB841F /* Stack.swift */; };
		BEB64A3D22FAB48300CB841F /* CalculatorTests.swift in Sources */ = {isa = PBXBuildFile; fileRef = BEB64A3C22FAB48300CB841F /* CalculatorTests.swift */; };
		BEB64A4522FAB4B200CB841F /* StackTests.swift in Sources */ = {isa = PBXBuildFile; fileRef = BEB64A4422FAB4B200CB841F /* StackTests.swift */; };
		BEB64A4922FAC1C800CB841F /* Array.swift in Sources */ = {isa = PBXBuildFile; fileRef = BEB64A4822FAC1C800CB841F /* Array.swift */; };
		BEB64A4B22FAC25600CB841F /* ShuntingYardAlgorithmTests.swift in Sources */ = {isa = PBXBuildFile; fileRef = BEB64A4A22FAC25600CB841F /* ShuntingYardAlgorithmTests.swift */; };
/* End PBXBuildFile section */

/* Begin PBXContainerItemProxy section */
		BE3CC07322FA6473005EC271 /* PBXContainerItemProxy */ = {
			isa = PBXContainerItemProxy;
			containerPortal = BE3CC05622FA646F005EC271 /* Project object */;
			proxyType = 1;
			remoteGlobalIDString = BE3CC05D22FA646F005EC271;
			remoteInfo = Calculator;
		};
		BEB64A3F22FAB48300CB841F /* PBXContainerItemProxy */ = {
			isa = PBXContainerItemProxy;
			containerPortal = BE3CC05622FA646F005EC271 /* Project object */;
			proxyType = 1;
			remoteGlobalIDString = BE3CC05D22FA646F005EC271;
			remoteInfo = Calculator;
		};
/* End PBXContainerItemProxy section */

/* Begin PBXFileReference section */
		BE1E6935230C69C10044C3C3 /* ExpressionToken.swift */ = {isa = PBXFileReference; lastKnownFileType = sourcecode.swift; path = ExpressionToken.swift; sourceTree = "<group>"; };
		BE1E6937230C801A0044C3C3 /* EvaluatePostfixExpression.swift */ = {isa = PBXFileReference; lastKnownFileType = sourcecode.swift; path = EvaluatePostfixExpression.swift; sourceTree = "<group>"; };
		BE1E6939230C80270044C3C3 /* EvaluatePostfixExpressionImpl.swift */ = {isa = PBXFileReference; lastKnownFileType = sourcecode.swift; path = EvaluatePostfixExpressionImpl.swift; sourceTree = "<group>"; };
		BE1E693B230C80A20044C3C3 /* PostfixExpressionEvaluator.swift */ = {isa = PBXFileReference; lastKnownFileType = sourcecode.swift; path = PostfixExpressionEvaluator.swift; sourceTree = "<group>"; };
		BE1E693D230C80E90044C3C3 /* PostfixExpressionEvaluatorImpl.swift */ = {isa = PBXFileReference; lastKnownFileType = sourcecode.swift; path = PostfixExpressionEvaluatorImpl.swift; sourceTree = "<group>"; };
		BE3CC05E22FA646F005EC271 /* Calculator.app */ = {isa = PBXFileReference; explicitFileType = wrapper.application; includeInIndex = 0; path = Calculator.app; sourceTree = BUILT_PRODUCTS_DIR; };
		BE3CC06122FA646F005EC271 /* AppDelegate.swift */ = {isa = PBXFileReference; lastKnownFileType = sourcecode.swift; path = AppDelegate.swift; sourceTree = "<group>"; };
		BE3CC06822FA6473005EC271 /* Assets.xcassets */ = {isa = PBXFileReference; lastKnownFileType = folder.assetcatalog; path = Assets.xcassets; sourceTree = "<group>"; };
		BE3CC06B22FA6473005EC271 /* Base */ = {isa = PBXFileReference; lastKnownFileType = file.storyboard; name = Base; path = Base.lproj/LaunchScreen.storyboard; sourceTree = "<group>"; };
		BE3CC06D22FA6473005EC271 /* Info.plist */ = {isa = PBXFileReference; lastKnownFileType = text.plist.xml; path = Info.plist; sourceTree = "<group>"; };
		BE3CC07222FA6473005EC271 /* CalculatorUITests.xctest */ = {isa = PBXFileReference; explicitFileType = wrapper.cfbundle; includeInIndex = 0; path = CalculatorUITests.xctest; sourceTree = BUILT_PRODUCTS_DIR; };
		BE3CC07622FA6473005EC271 /* CalculatorUITests.swift */ = {isa = PBXFileReference; lastKnownFileType = sourcecode.swift; path = CalculatorUITests.swift; sourceTree = "<group>"; };
		BE3CC07822FA6473005EC271 /* Info.plist */ = {isa = PBXFileReference; lastKnownFileType = text.plist.xml; path = Info.plist; sourceTree = "<group>"; };
		BE3CC08F22FA66D3005EC271 /* Router.swift */ = {isa = PBXFileReference; lastKnownFileType = sourcecode.swift; path = Router.swift; sourceTree = "<group>"; };
		BE3CC13C22FA94CD005EC271 /* CalculatorPresenter.swift */ = {isa = PBXFileReference; lastKnownFileType = sourcecode.swift; path = CalculatorPresenter.swift; sourceTree = "<group>"; };
		BE3CC13D22FA94CD005EC271 /* CalculatorRouter.swift */ = {isa = PBXFileReference; lastKnownFileType = sourcecode.swift; path = CalculatorRouter.swift; sourceTree = "<group>"; };
		BE3CC13E22FA94CD005EC271 /* CalculatorContracts.swift */ = {isa = PBXFileReference; lastKnownFileType = sourcecode.swift; path = CalculatorContracts.swift; sourceTree = "<group>"; };
		BE3CC13F22FA94CD005EC271 /* CalculatorViewController.swift */ = {isa = PBXFileReference; lastKnownFileType = sourcecode.swift; path = CalculatorViewController.swift; sourceTree = "<group>"; };
		BE3CC14022FA94CD005EC271 /* CalculatorInteractor.swift */ = {isa = PBXFileReference; lastKnownFileType = sourcecode.swift; path = CalculatorInteractor.swift; sourceTree = "<group>"; };
		BE3CC14122FA94CD005EC271 /* CalculatorViewController.xib */ = {isa = PBXFileReference; lastKnownFileType = file.xib; path = CalculatorViewController.xib; sourceTree = "<group>"; };
		BE3F3F4122FA960400C3CA9D /* CalculatorButtonFactory.swift */ = {isa = PBXFileReference; lastKnownFileType = sourcecode.swift; path = CalculatorButtonFactory.swift; sourceTree = "<group>"; };
		BE3F3F4422FA961600C3CA9D /* ButtonViewModel.swift */ = {isa = PBXFileReference; lastKnownFileType = sourcecode.swift; path = ButtonViewModel.swift; sourceTree = "<group>"; };
		BE3F3F4922FA98AF00C3CA9D /* GetButtons.swift */ = {isa = PBXFileReference; lastKnownFileType = sourcecode.swift; path = GetButtons.swift; sourceTree = "<group>"; };
		BE3F3F4B22FA98E200C3CA9D /* GetButtonsImpl.swift */ = {isa = PBXFileReference; lastKnownFileType = sourcecode.swift; path = GetButtonsImpl.swift; sourceTree = "<group>"; };
		BEB64A1E22FAA30F00CB841F /* UICollectionView.swift */ = {isa = PBXFileReference; lastKnownFileType = sourcecode.swift; path = UICollectionView.swift; sourceTree = "<group>"; };
		BEB64A2022FAA34C00CB841F /* UICollectionViewCell.swift */ = {isa = PBXFileReference; lastKnownFileType = sourcecode.swift; path = UICollectionViewCell.swift; sourceTree = "<group>"; };
		BEB64A2322FAA38F00CB841F /* CalculatorButtonCollectionViewCell.swift */ = {isa = PBXFileReference; lastKnownFileType = sourcecode.swift; path = CalculatorButtonCollectionViewCell.swift; sourceTree = "<group>"; };
		BEB64A2422FAA38F00CB841F /* CalculatorButtonCollectionViewCell.xib */ = {isa = PBXFileReference; lastKnownFileType = file.xib; path = CalculatorButtonCollectionViewCell.xib; sourceTree = "<group>"; };
		BEB64A2722FAAA7700CB841F /* UIColor.swift */ = {isa = PBXFileReference; lastKnownFileType = sourcecode.swift; path = UIColor.swift; sourceTree = "<group>"; };
		BEB64A2A22FAAA9B00CB841F /* Colors.swift */ = {isa = PBXFileReference; lastKnownFileType = sourcecode.swift; path = Colors.swift; sourceTree = "<group>"; };
		BEB64A2C22FAB00100CB841F /* GetReversePolishNotation.swift */ = {isa = PBXFileReference; lastKnownFileType = sourcecode.swift; path = GetReversePolishNotation.swift; sourceTree = "<group>"; };
		BEB64A2E22FAB02500CB841F /* GetReversePolishNotationImpl.swift */ = {isa = PBXFileReference; lastKnownFileType = sourcecode.swift; path = GetReversePolishNotationImpl.swift; sourceTree = "<group>"; };
		BEB64A3122FAB05600CB841F /* ShuntingYardAlgorithm.swift */ = {isa = PBXFileReference; lastKnownFileType = sourcecode.swift; path = ShuntingYardAlgorithm.swift; sourceTree = "<group>"; };
		BEB64A3422FAB2C900CB841F /* Stack.swift */ = {isa = PBXFileReference; lastKnownFileType = sourcecode.swift; path = Stack.swift; sourceTree = "<group>"; };
		BEB64A3A22FAB48300CB841F /* CalculatorTests.xctest */ = {isa = PBXFileReference; explicitFileType = wrapper.cfbundle; includeInIndex = 0; path = CalculatorTests.xctest; sourceTree = BUILT_PRODUCTS_DIR; };
		BEB64A3C22FAB48300CB841F /* CalculatorTests.swift */ = {isa = PBXFileReference; lastKnownFileType = sourcecode.swift; path = CalculatorTests.swift; sourceTree = "<group>"; };
		BEB64A3E22FAB48300CB841F /* Info.plist */ = {isa = PBXFileReference; lastKnownFileType = text.plist.xml; path = Info.plist; sourceTree = "<group>"; };
		BEB64A4422FAB4B200CB841F /* StackTests.swift */ = {isa = PBXFileReference; lastKnownFileType = sourcecode.swift; path = StackTests.swift; sourceTree = "<group>"; };
		BEB64A4822FAC1C800CB841F /* Array.swift */ = {isa = PBXFileReference; lastKnownFileType = sourcecode.swift; path = Array.swift; sourceTree = "<group>"; };
		BEB64A4A22FAC25600CB841F /* ShuntingYardAlgorithmTests.swift */ = {isa = PBXFileReference; lastKnownFileType = sourcecode.swift; path = ShuntingYardAlgorithmTests.swift; sourceTree = "<group>"; };
/* End PBXFileReference section */

/* Begin PBXFrameworksBuildPhase section */
		BE3CC05B22FA646F005EC271 /* Frameworks */ = {
			isa = PBXFrameworksBuildPhase;
			buildActionMask = 2147483647;
			files = (
			);
			runOnlyForDeploymentPostprocessing = 0;
		};
		BE3CC06F22FA6473005EC271 /* Frameworks */ = {
			isa = PBXFrameworksBuildPhase;
			buildActionMask = 2147483647;
			files = (
			);
			runOnlyForDeploymentPostprocessing = 0;
		};
		BEB64A3722FAB48300CB841F /* Frameworks */ = {
			isa = PBXFrameworksBuildPhase;
			buildActionMask = 2147483647;
			files = (
			);
			runOnlyForDeploymentPostprocessing = 0;
		};
/* End PBXFrameworksBuildPhase section */

/* Begin PBXGroup section */
		BE3CC05522FA646F005EC271 = {
			isa = PBXGroup;
			children = (
				BE3CC06022FA646F005EC271 /* Calculator */,
				BEB64A3B22FAB48300CB841F /* CalculatorTests */,
				BE3CC07522FA6473005EC271 /* CalculatorUITests */,
				BE3CC05F22FA646F005EC271 /* Products */,
			);
			sourceTree = "<group>";
		};
		BE3CC05F22FA646F005EC271 /* Products */ = {
			isa = PBXGroup;
			children = (
				BE3CC05E22FA646F005EC271 /* Calculator.app */,
				BE3CC07222FA6473005EC271 /* CalculatorUITests.xctest */,
				BEB64A3A22FAB48300CB841F /* CalculatorTests.xctest */,
			);
			name = Products;
			sourceTree = "<group>";
		};
		BE3CC06022FA646F005EC271 /* Calculator */ = {
			isa = PBXGroup;
			children = (
				BE3CC08322FA64B8005EC271 /* Common */,
				BE3CC08222FA64AF005EC271 /* Setup */,
				BE3CC08122FA648D005EC271 /* Modules */,
			);
			path = Calculator;
			sourceTree = "<group>";
		};
		BE3CC07522FA6473005EC271 /* CalculatorUITests */ = {
			isa = PBXGroup;
			children = (
				BE3CC07622FA6473005EC271 /* CalculatorUITests.swift */,
				BE3CC07822FA6473005EC271 /* Info.plist */,
			);
			path = CalculatorUITests;
			sourceTree = "<group>";
		};
		BE3CC08122FA648D005EC271 /* Modules */ = {
			isa = PBXGroup;
			children = (
				BE3CC13B22FA949D005EC271 /* Calculator */,
			);
			path = Modules;
			sourceTree = "<group>";
		};
		BE3CC08222FA64AF005EC271 /* Setup */ = {
			isa = PBXGroup;
			children = (
				BE3CC06122FA646F005EC271 /* AppDelegate.swift */,
				BE3CC06A22FA6473005EC271 /* LaunchScreen.storyboard */,
				BE3CC06D22FA6473005EC271 /* Info.plist */,
			);
			path = Setup;
			sourceTree = "<group>";
		};
		BE3CC08322FA64B8005EC271 /* Common */ = {
			isa = PBXGroup;
			children = (
				BEB64A3322FAB2C000CB841F /* Utils */,
				BEB64A2922FAAA9100CB841F /* Colors */,
				BEB64A1D22FAA30000CB841F /* Extensions */,
				BE3CC08E22FA66CB005EC271 /* Router */,
				BE3CC08422FA64BE005EC271 /* Assets */,
			);
			path = Common;
			sourceTree = "<group>";
		};
		BE3CC08422FA64BE005EC271 /* Assets */ = {
			isa = PBXGroup;
			children = (
				BE3CC06822FA6473005EC271 /* Assets.xcassets */,
			);
			path = Assets;
			sourceTree = "<group>";
		};
		BE3CC08E22FA66CB005EC271 /* Router */ = {
			isa = PBXGroup;
			children = (
				BE3CC08F22FA66D3005EC271 /* Router.swift */,
			);
			path = Router;
			sourceTree = "<group>";
		};
		BE3CC13522FA947B005EC271 /* Router */ = {
			isa = PBXGroup;
			children = (
				BE3CC13D22FA94CD005EC271 /* CalculatorRouter.swift */,
			);
			path = Router;
			sourceTree = "<group>";
		};
		BE3CC13622FA9480005EC271 /* Entity */ = {
			isa = PBXGroup;
			children = (
				BE3F3F4622FA988E00C3CA9D /* UseCases */,
				BE3F3F4022FA95F400C3CA9D /* Factory */,
				BE3F3F4322FA960B00C3CA9D /* Models */,
			);
			path = Entity;
			sourceTree = "<group>";
		};
		BE3CC13722FA9487005EC271 /* Presenter */ = {
			isa = PBXGroup;
			children = (
				BE3CC13C22FA94CD005EC271 /* CalculatorPresenter.swift */,
			);
			path = Presenter;
			sourceTree = "<group>";
		};
		BE3CC13822FA948C005EC271 /* Interactor */ = {
			isa = PBXGroup;
			children = (
				BE3CC14022FA94CD005EC271 /* CalculatorInteractor.swift */,
			);
			path = Interactor;
			sourceTree = "<group>";
		};
		BE3CC13922FA9492005EC271 /* View */ = {
			isa = PBXGroup;
			children = (
				BEB64A2222FAA37A00CB841F /* Cells */,
				BE3CC13F22FA94CD005EC271 /* CalculatorViewController.swift */,
				BE3CC14122FA94CD005EC271 /* CalculatorViewController.xib */,
			);
			path = View;
			sourceTree = "<group>";
		};
		BE3CC13A22FA9497005EC271 /* Contracts */ = {
			isa = PBXGroup;
			children = (
				BE3CC13E22FA94CD005EC271 /* CalculatorContracts.swift */,
			);
			path = Contracts;
			sourceTree = "<group>";
		};
		BE3CC13B22FA949D005EC271 /* Calculator */ = {
			isa = PBXGroup;
			children = (
				BE3CC13A22FA9497005EC271 /* Contracts */,
				BE3CC13922FA9492005EC271 /* View */,
				BE3CC13822FA948C005EC271 /* Interactor */,
				BE3CC13722FA9487005EC271 /* Presenter */,
				BE3CC13622FA9480005EC271 /* Entity */,
				BE3CC13522FA947B005EC271 /* Router */,
			);
			path = Calculator;
			sourceTree = "<group>";
		};
		BE3F3F4022FA95F400C3CA9D /* Factory */ = {
			isa = PBXGroup;
			children = (
				BE3F3F4122FA960400C3CA9D /* CalculatorButtonFactory.swift */,
			);
			path = Factory;
			sourceTree = "<group>";
		};
		BE3F3F4322FA960B00C3CA9D /* Models */ = {
			isa = PBXGroup;
			children = (
				BE3F3F4422FA961600C3CA9D /* ButtonViewModel.swift */,
			);
			path = Models;
			sourceTree = "<group>";
		};
		BE3F3F4622FA988E00C3CA9D /* UseCases */ = {
			isa = PBXGroup;
			children = (
				BEB64A3022FAB04900CB841F /* Utils */,
				BE3F3F4722FA989700C3CA9D /* Protocols */,
				BE3F3F4822FA989C00C3CA9D /* Implementations */,
			);
			path = UseCases;
			sourceTree = "<group>";
		};
		BE3F3F4722FA989700C3CA9D /* Protocols */ = {
			isa = PBXGroup;
			children = (
				BE3F3F4922FA98AF00C3CA9D /* GetButtons.swift */,
				BEB64A2C22FAB00100CB841F /* GetReversePolishNotation.swift */,
				BE1E6937230C801A0044C3C3 /* EvaluatePostfixExpression.swift */,
				BE1E693B230C80A20044C3C3 /* PostfixExpressionEvaluator.swift */,
			);
			path = Protocols;
			sourceTree = "<group>";
		};
		BE3F3F4822FA989C00C3CA9D /* Implementations */ = {
			isa = PBXGroup;
			children = (
				BE3F3F4B22FA98E200C3CA9D /* GetButtonsImpl.swift */,
				BEB64A2E22FAB02500CB841F /* GetReversePolishNotationImpl.swift */,
				BE1E6939230C80270044C3C3 /* EvaluatePostfixExpressionImpl.swift */,
				BE1E693D230C80E90044C3C3 /* PostfixExpressionEvaluatorImpl.swift */,
			);
			path = Implementations;
			sourceTree = "<group>";
		};
		BEB64A1D22FAA30000CB841F /* Extensions */ = {
			isa = PBXGroup;
			children = (
				BEB64A1E22FAA30F00CB841F /* UICollectionView.swift */,
				BEB64A2022FAA34C00CB841F /* UICollectionViewCell.swift */,
				BEB64A2722FAAA7700CB841F /* UIColor.swift */,
				BEB64A4822FAC1C800CB841F /* Array.swift */,
			);
			path = Extensions;
			sourceTree = "<group>";
		};
		BEB64A2222FAA37A00CB841F /* Cells */ = {
			isa = PBXGroup;
			children = (
				BEB64A2322FAA38F00CB841F /* CalculatorButtonCollectionViewCell.swift */,
				BEB64A2422FAA38F00CB841F /* CalculatorButtonCollectionViewCell.xib */,
			);
			path = Cells;
			sourceTree = "<group>";
		};
		BEB64A2922FAAA9100CB841F /* Colors */ = {
			isa = PBXGroup;
			children = (
				BEB64A2A22FAAA9B00CB841F /* Colors.swift */,
			);
			path = Colors;
			sourceTree = "<group>";
		};
		BEB64A3022FAB04900CB841F /* Utils */ = {
			isa = PBXGroup;
			children = (
				BEB64A3122FAB05600CB841F /* ShuntingYardAlgorithm.swift */,
				BE1E6935230C69C10044C3C3 /* ExpressionToken.swift */,
			);
			path = Utils;
			sourceTree = "<group>";
		};
		BEB64A3322FAB2C000CB841F /* Utils */ = {
			isa = PBXGroup;
			children = (
				BEB64A3422FAB2C900CB841F /* Stack.swift */,
			);
			path = Utils;
			sourceTree = "<group>";
		};
		BEB64A3B22FAB48300CB841F /* CalculatorTests */ = {
			isa = PBXGroup;
			children = (
				BEB64A3C22FAB48300CB841F /* CalculatorTests.swift */,
				BEB64A3E22FAB48300CB841F /* Info.plist */,
				BEB64A4422FAB4B200CB841F /* StackTests.swift */,
				BEB64A4A22FAC25600CB841F /* ShuntingYardAlgorithmTests.swift */,
			);
			path = CalculatorTests;
			sourceTree = "<group>";
		};
/* End PBXGroup section */

/* Begin PBXNativeTarget section */
		BE3CC05D22FA646F005EC271 /* Calculator */ = {
			isa = PBXNativeTarget;
			buildConfigurationList = BE3CC07B22FA6473005EC271 /* Build configuration list for PBXNativeTarget "Calculator" */;
			buildPhases = (
				BE3CC05A22FA646F005EC271 /* Sources */,
				BE3CC05B22FA646F005EC271 /* Frameworks */,
				BE3CC05C22FA646F005EC271 /* Resources */,
			);
			buildRules = (
			);
			dependencies = (
			);
			name = Calculator;
			productName = Calculator;
			productReference = BE3CC05E22FA646F005EC271 /* Calculator.app */;
			productType = "com.apple.product-type.application";
		};
		BE3CC07122FA6473005EC271 /* CalculatorUITests */ = {
			isa = PBXNativeTarget;
			buildConfigurationList = BE3CC07E22FA6473005EC271 /* Build configuration list for PBXNativeTarget "CalculatorUITests" */;
			buildPhases = (
				BE3CC06E22FA6473005EC271 /* Sources */,
				BE3CC06F22FA6473005EC271 /* Frameworks */,
				BE3CC07022FA6473005EC271 /* Resources */,
			);
			buildRules = (
			);
			dependencies = (
				BE3CC07422FA6473005EC271 /* PBXTargetDependency */,
			);
			name = CalculatorUITests;
			productName = CalculatorUITests;
			productReference = BE3CC07222FA6473005EC271 /* CalculatorUITests.xctest */;
			productType = "com.apple.product-type.bundle.ui-testing";
		};
		BEB64A3922FAB48300CB841F /* CalculatorTests */ = {
			isa = PBXNativeTarget;
			buildConfigurationList = BEB64A4122FAB48300CB841F /* Build configuration list for PBXNativeTarget "CalculatorTests" */;
			buildPhases = (
				BEB64A3622FAB48300CB841F /* Sources */,
				BEB64A3722FAB48300CB841F /* Frameworks */,
				BEB64A3822FAB48300CB841F /* Resources */,
			);
			buildRules = (
			);
			dependencies = (
				BEB64A4022FAB48300CB841F /* PBXTargetDependency */,
			);
			name = CalculatorTests;
			productName = CalculatorTests;
			productReference = BEB64A3A22FAB48300CB841F /* CalculatorTests.xctest */;
			productType = "com.apple.product-type.bundle.unit-test";
		};
/* End PBXNativeTarget section */

/* Begin PBXProject section */
		BE3CC05622FA646F005EC271 /* Project object */ = {
			isa = PBXProject;
			attributes = {
				LastSwiftUpdateCheck = 1000;
				LastUpgradeCheck = 1010;
				ORGANIZATIONNAME = aavalosmt;
				TargetAttributes = {
					BE3CC05D22FA646F005EC271 = {
						CreatedOnToolsVersion = 10.1;
					};
					BE3CC07122FA6473005EC271 = {
						CreatedOnToolsVersion = 10.1;
						TestTargetID = BE3CC05D22FA646F005EC271;
					};
					BEB64A3922FAB48300CB841F = {
						CreatedOnToolsVersion = 10.0;
						TestTargetID = BE3CC05D22FA646F005EC271;
					};
				};
			};
			buildConfigurationList = BE3CC05922FA646F005EC271 /* Build configuration list for PBXProject "Calculator" */;
			compatibilityVersion = "Xcode 9.3";
			developmentRegion = en;
			hasScannedForEncodings = 0;
			knownRegions = (
				en,
				Base,
			);
			mainGroup = BE3CC05522FA646F005EC271;
			productRefGroup = BE3CC05F22FA646F005EC271 /* Products */;
			projectDirPath = "";
			projectRoot = "";
			targets = (
				BE3CC05D22FA646F005EC271 /* Calculator */,
				BE3CC07122FA6473005EC271 /* CalculatorUITests */,
				BEB64A3922FAB48300CB841F /* CalculatorTests */,
			);
		};
/* End PBXProject section */

/* Begin PBXResourcesBuildPhase section */
		BE3CC05C22FA646F005EC271 /* Resources */ = {
			isa = PBXResourcesBuildPhase;
			buildActionMask = 2147483647;
			files = (
				BEB64A2622FAA38F00CB841F /* CalculatorButtonCollectionViewCell.xib in Resources */,
				BE3CC06C22FA6473005EC271 /* LaunchScreen.storyboard in Resources */,
				BE3CC14722FA94CD005EC271 /* CalculatorViewController.xib in Resources */,
				BE3CC06922FA6473005EC271 /* Assets.xcassets in Resources */,
			);
			runOnlyForDeploymentPostprocessing = 0;
		};
		BE3CC07022FA6473005EC271 /* Resources */ = {
			isa = PBXResourcesBuildPhase;
			buildActionMask = 2147483647;
			files = (
			);
			runOnlyForDeploymentPostprocessing = 0;
		};
		BEB64A3822FAB48300CB841F /* Resources */ = {
			isa = PBXResourcesBuildPhase;
			buildActionMask = 2147483647;
			files = (
			);
			runOnlyForDeploymentPostprocessing = 0;
		};
/* End PBXResourcesBuildPhase section */

/* Begin PBXSourcesBuildPhase section */
		BE3CC05A22FA646F005EC271 /* Sources */ = {
			isa = PBXSourcesBuildPhase;
			buildActionMask = 2147483647;
			files = (
				BE3CC14622FA94CD005EC271 /* CalculatorInteractor.swift in Sources */,
				BE3CC14322FA94CD005EC271 /* CalculatorRouter.swift in Sources */,
				BEB64A3222FAB05600CB841F /* ShuntingYardAlgorithm.swift in Sources */,
				BEB64A2522FAA38F00CB841F /* CalculatorButtonCollectionViewCell.swift in Sources */,
				BE1E693A230C80270044C3C3 /* EvaluatePostfixExpressionImpl.swift in Sources */,
				BE3F3F4A22FA98AF00C3CA9D /* GetButtons.swift in Sources */,
				BE1E693C230C80A20044C3C3 /* PostfixExpressionEvaluator.swift in Sources */,
				BEB64A2822FAAA7700CB841F /* UIColor.swift in Sources */,
				BE3CC14222FA94CD005EC271 /* CalculatorPresenter.swift in Sources */,
				BE3F3F4C22FA98E200C3CA9D /* GetButtonsImpl.swift in Sources */,
				BE3CC09022FA66D3005EC271 /* Router.swift in Sources */,
				BEB64A2122FAA34C00CB841F /* UICollectionViewCell.swift in Sources */,
				BEB64A2B22FAAA9B00CB841F /* Colors.swift in Sources */,
				BEB64A1F22FAA30F00CB841F /* UICollectionView.swift in Sources */,
				BE3CC06222FA646F005EC271 /* AppDelegate.swift in Sources */,
				BE1E6936230C69C10044C3C3 /* ExpressionToken.swift in Sources */,
				BE3CC14522FA94CD005EC271 /* CalculatorViewController.swift in Sources */,
				BE3F3F4522FA961600C3CA9D /* ButtonViewModel.swift in Sources */,
				BEB64A2F22FAB02500CB841F /* GetReversePolishNotationImpl.swift in Sources */,
				BEB64A4922FAC1C800CB841F /* Array.swift in Sources */,
				BE1E6938230C801A0044C3C3 /* EvaluatePostfixExpression.swift in Sources */,
				BEB64A3522FAB2C900CB841F /* Stack.swift in Sources */,
				BE3F3F4222FA960400C3CA9D /* CalculatorButtonFactory.swift in Sources */,
				BE1E693E230C80E90044C3C3 /* PostfixExpressionEvaluatorImpl.swift in Sources */,
				BE3CC14422FA94CD005EC271 /* CalculatorContracts.swift in Sources */,
				BEB64A2D22FAB00100CB841F /* GetReversePolishNotation.swift in Sources */,
			);
			runOnlyForDeploymentPostprocessing = 0;
		};
		BE3CC06E22FA6473005EC271 /* Sources */ = {
			isa = PBXSourcesBuildPhase;
			buildActionMask = 2147483647;
			files = (
				BE3CC07722FA6473005EC271 /* CalculatorUITests.swift in Sources */,
			);
			runOnlyForDeploymentPostprocessing = 0;
		};
		BEB64A3622FAB48300CB841F /* Sources */ = {
			isa = PBXSourcesBuildPhase;
			buildActionMask = 2147483647;
			files = (
				BEB64A4522FAB4B200CB841F /* StackTests.swift in Sources */,
				BEB64A4B22FAC25600CB841F /* ShuntingYardAlgorithmTests.swift in Sources */,
				BEB64A3D22FAB48300CB841F /* CalculatorTests.swift in Sources */,
			);
			runOnlyForDeploymentPostprocessing = 0;
		};
/* End PBXSourcesBuildPhase section */

/* Begin PBXTargetDependency section */
		BE3CC07422FA6473005EC271 /* PBXTargetDependency */ = {
			isa = PBXTargetDependency;
			target = BE3CC05D22FA646F005EC271 /* Calculator */;
			targetProxy = BE3CC07322FA6473005EC271 /* PBXContainerItemProxy */;
		};
		BEB64A4022FAB48300CB841F /* PBXTargetDependency */ = {
			isa = PBXTargetDependency;
			target = BE3CC05D22FA646F005EC271 /* Calculator */;
			targetProxy = BEB64A3F22FAB48300CB841F /* PBXContainerItemProxy */;
		};
/* End PBXTargetDependency section */

/* Begin PBXVariantGroup section */
		BE3CC06A22FA6473005EC271 /* LaunchScreen.storyboard */ = {
			isa = PBXVariantGroup;
			children = (
				BE3CC06B22FA6473005EC271 /* Base */,
			);
			name = LaunchScreen.storyboard;
			sourceTree = "<group>";
		};
/* End PBXVariantGroup section */

/* Begin XCBuildConfiguration section */
		BE3CC07922FA6473005EC271 /* Debug */ = {
			isa = XCBuildConfiguration;
			buildSettings = {
				ALWAYS_SEARCH_USER_PATHS = NO;
				CLANG_ANALYZER_NONNULL = YES;
				CLANG_ANALYZER_NUMBER_OBJECT_CONVERSION = YES_AGGRESSIVE;
				CLANG_CXX_LANGUAGE_STANDARD = "gnu++14";
				CLANG_CXX_LIBRARY = "libc++";
				CLANG_ENABLE_MODULES = YES;
				CLANG_ENABLE_OBJC_ARC = YES;
				CLANG_ENABLE_OBJC_WEAK = YES;
				CLANG_WARN_BLOCK_CAPTURE_AUTORELEASING = YES;
				CLANG_WARN_BOOL_CONVERSION = YES;
				CLANG_WARN_COMMA = YES;
				CLANG_WARN_CONSTANT_CONVERSION = YES;
				CLANG_WARN_DEPRECATED_OBJC_IMPLEMENTATIONS = YES;
				CLANG_WARN_DIRECT_OBJC_ISA_USAGE = YES_ERROR;
				CLANG_WARN_DOCUMENTATION_COMMENTS = YES;
				CLANG_WARN_EMPTY_BODY = YES;
				CLANG_WARN_ENUM_CONVERSION = YES;
				CLANG_WARN_INFINITE_RECURSION = YES;
				CLANG_WARN_INT_CONVERSION = YES;
				CLANG_WARN_NON_LITERAL_NULL_CONVERSION = YES;
				CLANG_WARN_OBJC_IMPLICIT_RETAIN_SELF = YES;
				CLANG_WARN_OBJC_LITERAL_CONVERSION = YES;
				CLANG_WARN_OBJC_ROOT_CLASS = YES_ERROR;
				CLANG_WARN_RANGE_LOOP_ANALYSIS = YES;
				CLANG_WARN_STRICT_PROTOTYPES = YES;
				CLANG_WARN_SUSPICIOUS_MOVE = YES;
				CLANG_WARN_UNGUARDED_AVAILABILITY = YES_AGGRESSIVE;
				CLANG_WARN_UNREACHABLE_CODE = YES;
				CLANG_WARN__DUPLICATE_METHOD_MATCH = YES;
				CODE_SIGN_IDENTITY = "iPhone Developer";
				COPY_PHASE_STRIP = NO;
				DEBUG_INFORMATION_FORMAT = dwarf;
				ENABLE_STRICT_OBJC_MSGSEND = YES;
				ENABLE_TESTABILITY = YES;
				GCC_C_LANGUAGE_STANDARD = gnu11;
				GCC_DYNAMIC_NO_PIC = NO;
				GCC_NO_COMMON_BLOCKS = YES;
				GCC_OPTIMIZATION_LEVEL = 0;
				GCC_PREPROCESSOR_DEFINITIONS = (
					"DEBUG=1",
					"$(inherited)",
				);
				GCC_WARN_64_TO_32_BIT_CONVERSION = YES;
				GCC_WARN_ABOUT_RETURN_TYPE = YES_ERROR;
				GCC_WARN_UNDECLARED_SELECTOR = YES;
				GCC_WARN_UNINITIALIZED_AUTOS = YES_AGGRESSIVE;
				GCC_WARN_UNUSED_FUNCTION = YES;
				GCC_WARN_UNUSED_VARIABLE = YES;
				IPHONEOS_DEPLOYMENT_TARGET = 12.0;
				MTL_ENABLE_DEBUG_INFO = INCLUDE_SOURCE;
				MTL_FAST_MATH = YES;
				ONLY_ACTIVE_ARCH = YES;
				SDKROOT = iphoneos;
				SWIFT_ACTIVE_COMPILATION_CONDITIONS = DEBUG;
				SWIFT_OPTIMIZATION_LEVEL = "-Onone";
			};
			name = Debug;
		};
		BE3CC07A22FA6473005EC271 /* Release */ = {
			isa = XCBuildConfiguration;
			buildSettings = {
				ALWAYS_SEARCH_USER_PATHS = NO;
				CLANG_ANALYZER_NONNULL = YES;
				CLANG_ANALYZER_NUMBER_OBJECT_CONVERSION = YES_AGGRESSIVE;
				CLANG_CXX_LANGUAGE_STANDARD = "gnu++14";
				CLANG_CXX_LIBRARY = "libc++";
				CLANG_ENABLE_MODULES = YES;
				CLANG_ENABLE_OBJC_ARC = YES;
				CLANG_ENABLE_OBJC_WEAK = YES;
				CLANG_WARN_BLOCK_CAPTURE_AUTORELEASING = YES;
				CLANG_WARN_BOOL_CONVERSION = YES;
				CLANG_WARN_COMMA = YES;
				CLANG_WARN_CONSTANT_CONVERSION = YES;
				CLANG_WARN_DEPRECATED_OBJC_IMPLEMENTATIONS = YES;
				CLANG_WARN_DIRECT_OBJC_ISA_USAGE = YES_ERROR;
				CLANG_WARN_DOCUMENTATION_COMMENTS = YES;
				CLANG_WARN_EMPTY_BODY = YES;
				CLANG_WARN_ENUM_CONVERSION = YES;
				CLANG_WARN_INFINITE_RECURSION = YES;
				CLANG_WARN_INT_CONVERSION = YES;
				CLANG_WARN_NON_LITERAL_NULL_CONVERSION = YES;
				CLANG_WARN_OBJC_IMPLICIT_RETAIN_SELF = YES;
				CLANG_WARN_OBJC_LITERAL_CONVERSION = YES;
				CLANG_WARN_OBJC_ROOT_CLASS = YES_ERROR;
				CLANG_WARN_RANGE_LOOP_ANALYSIS = YES;
				CLANG_WARN_STRICT_PROTOTYPES = YES;
				CLANG_WARN_SUSPICIOUS_MOVE = YES;
				CLANG_WARN_UNGUARDED_AVAILABILITY = YES_AGGRESSIVE;
				CLANG_WARN_UNREACHABLE_CODE = YES;
				CLANG_WARN__DUPLICATE_METHOD_MATCH = YES;
				CODE_SIGN_IDENTITY = "iPhone Developer";
				COPY_PHASE_STRIP = NO;
				DEBUG_INFORMATION_FORMAT = "dwarf-with-dsym";
				ENABLE_NS_ASSERTIONS = NO;
				ENABLE_STRICT_OBJC_MSGSEND = YES;
				GCC_C_LANGUAGE_STANDARD = gnu11;
				GCC_NO_COMMON_BLOCKS = YES;
				GCC_WARN_64_TO_32_BIT_CONVERSION = YES;
				GCC_WARN_ABOUT_RETURN_TYPE = YES_ERROR;
				GCC_WARN_UNDECLARED_SELECTOR = YES;
				GCC_WARN_UNINITIALIZED_AUTOS = YES_AGGRESSIVE;
				GCC_WARN_UNUSED_FUNCTION = YES;
				GCC_WARN_UNUSED_VARIABLE = YES;
				IPHONEOS_DEPLOYMENT_TARGET = 12.0;
				MTL_ENABLE_DEBUG_INFO = NO;
				MTL_FAST_MATH = YES;
				SDKROOT = iphoneos;
				SWIFT_COMPILATION_MODE = wholemodule;
				SWIFT_OPTIMIZATION_LEVEL = "-O";
				VALIDATE_PRODUCT = YES;
			};
			name = Release;
		};
		BE3CC07C22FA6473005EC271 /* Debug */ = {
			isa = XCBuildConfiguration;
			buildSettings = {
				ASSETCATALOG_COMPILER_APPICON_NAME = AppIcon;
				CODE_SIGN_STYLE = Automatic;
				INFOPLIST_FILE = Calculator/Setup/Info.plist;
				IPHONEOS_DEPLOYMENT_TARGET = 12.0;
				LD_RUNPATH_SEARCH_PATHS = (
					"$(inherited)",
					"@executable_path/Frameworks",
				);
				PRODUCT_BUNDLE_IDENTIFIER = mx.aavalosmt.Calculator;
				PRODUCT_NAME = "$(TARGET_NAME)";
				SWIFT_VERSION = 4.2;
				TARGETED_DEVICE_FAMILY = "1,2";
			};
			name = Debug;
		};
		BE3CC07D22FA6473005EC271 /* Release */ = {
			isa = XCBuildConfiguration;
			buildSettings = {
				ASSETCATALOG_COMPILER_APPICON_NAME = AppIcon;
				CODE_SIGN_STYLE = Automatic;
				INFOPLIST_FILE = Calculator/Setup/Info.plist;
				IPHONEOS_DEPLOYMENT_TARGET = 12.0;
				LD_RUNPATH_SEARCH_PATHS = (
					"$(inherited)",
					"@executable_path/Frameworks",
				);
				PRODUCT_BUNDLE_IDENTIFIER = mx.aavalosmt.Calculator;
				PRODUCT_NAME = "$(TARGET_NAME)";
				SWIFT_VERSION = 4.2;
				TARGETED_DEVICE_FAMILY = "1,2";
			};
			name = Release;
		};
		BE3CC07F22FA6473005EC271 /* Debug */ = {
			isa = XCBuildConfiguration;
			buildSettings = {
				ALWAYS_EMBED_SWIFT_STANDARD_LIBRARIES = YES;
				CODE_SIGN_STYLE = Automatic;
				INFOPLIST_FILE = CalculatorUITests/Info.plist;
				IPHONEOS_DEPLOYMENT_TARGET = 12.0;
				LD_RUNPATH_SEARCH_PATHS = (
					"$(inherited)",
					"@executable_path/Frameworks",
					"@loader_path/Frameworks",
				);
				PRODUCT_BUNDLE_IDENTIFIER = mx.aavalosmt.CalculatorUITests;
				PRODUCT_NAME = "$(TARGET_NAME)";
				SWIFT_VERSION = 4.2;
				TARGETED_DEVICE_FAMILY = "1,2";
				TEST_TARGET_NAME = Calculator;
			};
			name = Debug;
		};
		BE3CC08022FA6473005EC271 /* Release */ = {
			isa = XCBuildConfiguration;
			buildSettings = {
				ALWAYS_EMBED_SWIFT_STANDARD_LIBRARIES = YES;
				CODE_SIGN_STYLE = Automatic;
				INFOPLIST_FILE = CalculatorUITests/Info.plist;
				IPHONEOS_DEPLOYMENT_TARGET = 12.0;
				LD_RUNPATH_SEARCH_PATHS = (
					"$(inherited)",
					"@executable_path/Frameworks",
					"@loader_path/Frameworks",
				);
				PRODUCT_BUNDLE_IDENTIFIER = mx.aavalosmt.CalculatorUITests;
				PRODUCT_NAME = "$(TARGET_NAME)";
				SWIFT_VERSION = 4.2;
				TARGETED_DEVICE_FAMILY = "1,2";
				TEST_TARGET_NAME = Calculator;
			};
			name = Release;
		};
		BEB64A4222FAB48300CB841F /* Debug */ = {
			isa = XCBuildConfiguration;
			buildSettings = {
				BUNDLE_LOADER = "$(TEST_HOST)";
				CODE_SIGN_STYLE = Automatic;
				INFOPLIST_FILE = CalculatorTests/Info.plist;
				LD_RUNPATH_SEARCH_PATHS = (
					"$(inherited)",
					"@executable_path/Frameworks",
					"@loader_path/Frameworks",
				);
				PRODUCT_BUNDLE_IDENTIFIER = mx.aavalosmt.CalculatorTests;
				PRODUCT_NAME = "$(TARGET_NAME)";
				SWIFT_VERSION = 4.2;
				TARGETED_DEVICE_FAMILY = "1,2";
				TEST_HOST = "$(BUILT_PRODUCTS_DIR)/Calculator.app/Calculator";
			};
			name = Debug;
		};
		BEB64A4322FAB48300CB841F /* Release */ = {
			isa = XCBuildConfiguration;
			buildSettings = {
				BUNDLE_LOADER = "$(TEST_HOST)";
				CODE_SIGN_STYLE = Automatic;
				INFOPLIST_FILE = CalculatorTests/Info.plist;
				LD_RUNPATH_SEARCH_PATHS = (
					"$(inherited)",
					"@executable_path/Frameworks",
					"@loader_path/Frameworks",
				);
				PRODUCT_BUNDLE_IDENTIFIER = mx.aavalosmt.CalculatorTests;
				PRODUCT_NAME = "$(TARGET_NAME)";
				SWIFT_VERSION = 4.2;
				TARGETED_DEVICE_FAMILY = "1,2";
				TEST_HOST = "$(BUILT_PRODUCTS_DIR)/Calculator.app/Calculator";
			};
			name = Release;
		};
/* End XCBuildConfiguration section */

/* Begin XCConfigurationList section */
		BE3CC05922FA646F005EC271 /* Build configuration list for PBXProject "Calculator" */ = {
			isa = XCConfigurationList;
			buildConfigurations = (
				BE3CC07922FA6473005EC271 /* Debug */,
				BE3CC07A22FA6473005EC271 /* Release */,
			);
			defaultConfigurationIsVisible = 0;
			defaultConfigurationName = Release;
		};
		BE3CC07B22FA6473005EC271 /* Build configuration list for PBXNativeTarget "Calculator" */ = {
			isa = XCConfigurationList;
			buildConfigurations = (
				BE3CC07C22FA6473005EC271 /* Debug */,
				BE3CC07D22FA6473005EC271 /* Release */,
			);
			defaultConfigurationIsVisible = 0;
			defaultConfigurationName = Release;
		};
		BE3CC07E22FA6473005EC271 /* Build configuration list for PBXNativeTarget "CalculatorUITests" */ = {
			isa = XCConfigurationList;
			buildConfigurations = (
				BE3CC07F22FA6473005EC271 /* Debug */,
				BE3CC08022FA6473005EC271 /* Release */,
			);
			defaultConfigurationIsVisible = 0;
			defaultConfigurationName = Release;
		};
		BEB64A4122FAB48300CB841F /* Build configuration list for PBXNativeTarget "CalculatorTests" */ = {
			isa = XCConfigurationList;
			buildConfigurations = (
				BEB64A4222FAB48300CB841F /* Debug */,
				BEB64A4322FAB48300CB841F /* Release */,
			);
			defaultConfigurationIsVisible = 0;
			defaultConfigurationName = Release;
		};
/* End XCConfigurationList section */
	};
	rootObject = BE3CC05622FA646F005EC271 /* Project object */;
}
